// !$*UTF8*$!
{
	archiveVersion = 1;
	classes = {
	};
	objectVersion = 77;
	objects = {

/* Begin PBXBuildFile section */
		98BA4CC52D5237A2003242B8 /* Alamofire in Frameworks */ = {isa = PBXBuildFile; productRef = 98BA4CC42D5237A2003242B8 /* Alamofire */; };
		98BA4CC82D5237BB003242B8 /* Kingfisher in Frameworks */ = {isa = PBXBuildFile; productRef = 98BA4CC72D5237BB003242B8 /* Kingfisher */; };
		98BA4CDC2D52635A003242B8 /* readme.md in Resources */ = {isa = PBXBuildFile; fileRef = 98BA4CDB2D52635A003242B8 /* readme.md */; };
/* End PBXBuildFile section */

/* Begin PBXContainerItemProxy section */
		98BA4CA12D51B2EE003242B8 /* PBXContainerItemProxy */ = {
			isa = PBXContainerItemProxy;
			containerPortal = 98BA4C872D51B2ED003242B8 /* Project object */;
			proxyType = 1;
			remoteGlobalIDString = 98BA4C8E2D51B2ED003242B8;
			remoteInfo = HomeAssignment_Audi;
		};
		98BA4CAB2D51B2EE003242B8 /* PBXContainerItemProxy */ = {
			isa = PBXContainerItemProxy;
			containerPortal = 98BA4C872D51B2ED003242B8 /* Project object */;
			proxyType = 1;
			remoteGlobalIDString = 98BA4C8E2D51B2ED003242B8;
			remoteInfo = HomeAssignment_Audi;
		};
/* End PBXContainerItemProxy section */

/* Begin PBXFileReference section */
		98BA4C8F2D51B2ED003242B8 /* HomeAssignment_Audi.app */ = {isa = PBXFileReference; explicitFileType = wrapper.application; includeInIndex = 0; path = HomeAssignment_Audi.app; sourceTree = BUILT_PRODUCTS_DIR; };
		98BA4CA02D51B2EE003242B8 /* HomeAssignment_AudiTests.xctest */ = {isa = PBXFileReference; explicitFileType = wrapper.cfbundle; includeInIndex = 0; path = HomeAssignment_AudiTests.xctest; sourceTree = BUILT_PRODUCTS_DIR; };
		98BA4CAA2D51B2EE003242B8 /* HomeAssignment_AudiUITests.xctest */ = {isa = PBXFileReference; explicitFileType = wrapper.cfbundle; includeInIndex = 0; path = HomeAssignment_AudiUITests.xctest; sourceTree = BUILT_PRODUCTS_DIR; };
		98BA4CDB2D52635A003242B8 /* readme.md */ = {isa = PBXFileReference; lastKnownFileType = net.daringfireball.markdown; path = readme.md; sourceTree = "<group>"; };
/* End PBXFileReference section */

/* Begin PBXFileSystemSynchronizedRootGroup section */
		98BA4C912D51B2ED003242B8 /* HomeAssignment_Audi */ = {
			isa = PBXFileSystemSynchronizedRootGroup;
			path = HomeAssignment_Audi;
			sourceTree = "<group>";
		};
		98BA4CA32D51B2EE003242B8 /* HomeAssignment_AudiTests */ = {
			isa = PBXFileSystemSynchronizedRootGroup;
			path = HomeAssignment_AudiTests;
			sourceTree = "<group>";
		};
		98BA4CAD2D51B2EE003242B8 /* HomeAssignment_AudiUITests */ = {
			isa = PBXFileSystemSynchronizedRootGroup;
			path = HomeAssignment_AudiUITests;
			sourceTree = "<group>";
		};
/* End PBXFileSystemSynchronizedRootGroup section */

/* Begin PBXFrameworksBuildPhase section */
		98BA4C8C2D51B2ED003242B8 /* Frameworks */ = {
			isa = PBXFrameworksBuildPhase;
			buildActionMask = 2147483647;
			files = (
				98BA4CC82D5237BB003242B8 /* Kingfisher in Frameworks */,
				98BA4CC52D5237A2003242B8 /* Alamofire in Frameworks */,
			);
			runOnlyForDeploymentPostprocessing = 0;
		};
		98BA4C9D2D51B2EE003242B8 /* Frameworks */ = {
			isa = PBXFrameworksBuildPhase;
			buildActionMask = 2147483647;
			files = (
			);
			runOnlyForDeploymentPostprocessing = 0;
		};
		98BA4CA72D51B2EE003242B8 /* Frameworks */ = {
			isa = PBXFrameworksBuildPhase;
			buildActionMask = 2147483647;
			files = (
			);
			runOnlyForDeploymentPostprocessing = 0;
		};
/* End PBXFrameworksBuildPhase section */

/* Begin PBXGroup section */
		98BA4C862D51B2ED003242B8 = {
			isa = PBXGroup;
			children = (
				98BA4CDB2D52635A003242B8 /* readme.md */,
				98BA4C912D51B2ED003242B8 /* HomeAssignment_Audi */,
				98BA4CA32D51B2EE003242B8 /* HomeAssignment_AudiTests */,
				98BA4CAD2D51B2EE003242B8 /* HomeAssignment_AudiUITests */,
				98BA4C902D51B2ED003242B8 /* Products */,
			);
			sourceTree = "<group>";
		};
		98BA4C902D51B2ED003242B8 /* Products */ = {
			isa = PBXGroup;
			children = (
				98BA4C8F2D51B2ED003242B8 /* HomeAssignment_Audi.app */,
				98BA4CA02D51B2EE003242B8 /* HomeAssignment_AudiTests.xctest */,
				98BA4CAA2D51B2EE003242B8 /* HomeAssignment_AudiUITests.xctest */,
			);
			name = Products;
			sourceTree = "<group>";
		};
/* End PBXGroup section */

/* Begin PBXNativeTarget section */
		98BA4C8E2D51B2ED003242B8 /* HomeAssignment_Audi */ = {
			isa = PBXNativeTarget;
			buildConfigurationList = 98BA4CB42D51B2EE003242B8 /* Build configuration list for PBXNativeTarget "HomeAssignment_Audi" */;
			buildPhases = (
				98BA4C8B2D51B2ED003242B8 /* Sources */,
				98BA4C8C2D51B2ED003242B8 /* Frameworks */,
				98BA4C8D2D51B2ED003242B8 /* Resources */,
			);
			buildRules = (
			);
			dependencies = (
			);
			fileSystemSynchronizedGroups = (
				98BA4C912D51B2ED003242B8 /* HomeAssignment_Audi */,
			);
			name = HomeAssignment_Audi;
			packageProductDependencies = (
				98BA4CC42D5237A2003242B8 /* Alamofire */,
				98BA4CC72D5237BB003242B8 /* Kingfisher */,
			);
			productName = HomeAssignment_Audi;
			productReference = 98BA4C8F2D51B2ED003242B8 /* HomeAssignment_Audi.app */;
			productType = "com.apple.product-type.application";
		};
		98BA4C9F2D51B2EE003242B8 /* HomeAssignment_AudiTests */ = {
			isa = PBXNativeTarget;
			buildConfigurationList = 98BA4CB72D51B2EE003242B8 /* Build configuration list for PBXNativeTarget "HomeAssignment_AudiTests" */;
			buildPhases = (
				98BA4C9C2D51B2EE003242B8 /* Sources */,
				98BA4C9D2D51B2EE003242B8 /* Frameworks */,
				98BA4C9E2D51B2EE003242B8 /* Resources */,
			);
			buildRules = (
			);
			dependencies = (
				98BA4CA22D51B2EE003242B8 /* PBXTargetDependency */,
			);
			fileSystemSynchronizedGroups = (
				98BA4CA32D51B2EE003242B8 /* HomeAssignment_AudiTests */,
			);
			name = HomeAssignment_AudiTests;
			packageProductDependencies = (
			);
			productName = HomeAssignment_AudiTests;
			productReference = 98BA4CA02D51B2EE003242B8 /* HomeAssignment_AudiTests.xctest */;
			productType = "com.apple.product-type.bundle.unit-test";
		};
		98BA4CA92D51B2EE003242B8 /* HomeAssignment_AudiUITests */ = {
			isa = PBXNativeTarget;
			buildConfigurationList = 98BA4CBA2D51B2EE003242B8 /* Build configuration list for PBXNativeTarget "HomeAssignment_AudiUITests" */;
			buildPhases = (
				98BA4CA62D51B2EE003242B8 /* Sources */,
				98BA4CA72D51B2EE003242B8 /* Frameworks */,
				98BA4CA82D51B2EE003242B8 /* Resources */,
			);
			buildRules = (
			);
			dependencies = (
				98BA4CAC2D51B2EE003242B8 /* PBXTargetDependency */,
			);
			fileSystemSynchronizedGroups = (
				98BA4CAD2D51B2EE003242B8 /* HomeAssignment_AudiUITests */,
			);
			name = HomeAssignment_AudiUITests;
			packageProductDependencies = (
			);
			productName = HomeAssignment_AudiUITests;
			productReference = 98BA4CAA2D51B2EE003242B8 /* HomeAssignment_AudiUITests.xctest */;
			productType = "com.apple.product-type.bundle.ui-testing";
		};
/* End PBXNativeTarget section */

/* Begin PBXProject section */
		98BA4C872D51B2ED003242B8 /* Project object */ = {
			isa = PBXProject;
			attributes = {
				BuildIndependentTargetsInParallel = 1;
				LastSwiftUpdateCheck = 1620;
				LastUpgradeCheck = 1620;
				TargetAttributes = {
					98BA4C8E2D51B2ED003242B8 = {
						CreatedOnToolsVersion = 16.2;
					};
					98BA4C9F2D51B2EE003242B8 = {
						CreatedOnToolsVersion = 16.2;
						TestTargetID = 98BA4C8E2D51B2ED003242B8;
					};
					98BA4CA92D51B2EE003242B8 = {
						CreatedOnToolsVersion = 16.2;
						TestTargetID = 98BA4C8E2D51B2ED003242B8;
					};
				};
			};
			buildConfigurationList = 98BA4C8A2D51B2ED003242B8 /* Build configuration list for PBXProject "HomeAssignment_Audi" */;
			developmentRegion = en;
			hasScannedForEncodings = 0;
			knownRegions = (
				en,
				Base,
			);
			mainGroup = 98BA4C862D51B2ED003242B8;
			minimizedProjectReferenceProxies = 1;
			packageReferences = (
				98BA4CC32D5237A2003242B8 /* XCRemoteSwiftPackageReference "Alamofire" */,
				98BA4CC62D5237BB003242B8 /* XCRemoteSwiftPackageReference "Kingfisher" */,
			);
			preferredProjectObjectVersion = 77;
			productRefGroup = 98BA4C902D51B2ED003242B8 /* Products */;
			projectDirPath = "";
			projectRoot = "";
			targets = (
				98BA4C8E2D51B2ED003242B8 /* HomeAssignment_Audi */,
				98BA4C9F2D51B2EE003242B8 /* HomeAssignment_AudiTests */,
				98BA4CA92D51B2EE003242B8 /* HomeAssignment_AudiUITests */,
			);
		};
/* End PBXProject section */

/* Begin PBXResourcesBuildPhase section */
		98BA4C8D2D51B2ED003242B8 /* Resources */ = {
			isa = PBXResourcesBuildPhase;
			buildActionMask = 2147483647;
			files = (
				98BA4CDC2D52635A003242B8 /* readme.md in Resources */,
			);
			runOnlyForDeploymentPostprocessing = 0;
		};
		98BA4C9E2D51B2EE003242B8 /* Resources */ = {
			isa = PBXResourcesBuildPhase;
			buildActionMask = 2147483647;
			files = (
			);
			runOnlyForDeploymentPostprocessing = 0;
		};
		98BA4CA82D51B2EE003242B8 /* Resources */ = {
			isa = PBXResourcesBuildPhase;
			buildActionMask = 2147483647;
			files = (
			);
			runOnlyForDeploymentPostprocessing = 0;
		};
/* End PBXResourcesBuildPhase section */

/* Begin PBXSourcesBuildPhase section */
		98BA4C8B2D51B2ED003242B8 /* Sources */ = {
			isa = PBXSourcesBuildPhase;
			buildActionMask = 2147483647;
			files = (
			);
			runOnlyForDeploymentPostprocessing = 0;
		};
		98BA4C9C2D51B2EE003242B8 /* Sources */ = {
			isa = PBXSourcesBuildPhase;
			buildActionMask = 2147483647;
			files = (
			);
			runOnlyForDeploymentPostprocessing = 0;
		};
		98BA4CA62D51B2EE003242B8 /* Sources */ = {
			isa = PBXSourcesBuildPhase;
			buildActionMask = 2147483647;
			files = (
			);
			runOnlyForDeploymentPostprocessing = 0;
		};
/* End PBXSourcesBuildPhase section */

/* Begin PBXTargetDependency section */
		98BA4CA22D51B2EE003242B8 /* PBXTargetDependency */ = {
			isa = PBXTargetDependency;
			target = 98BA4C8E2D51B2ED003242B8 /* HomeAssignment_Audi */;
			targetProxy = 98BA4CA12D51B2EE003242B8 /* PBXContainerItemProxy */;
		};
		98BA4CAC2D51B2EE003242B8 /* PBXTargetDependency */ = {
			isa = PBXTargetDependency;
			target = 98BA4C8E2D51B2ED003242B8 /* HomeAssignment_Audi */;
			targetProxy = 98BA4CAB2D51B2EE003242B8 /* PBXContainerItemProxy */;
		};
/* End PBXTargetDependency section */

/* Begin XCBuildConfiguration section */
		98BA4CB22D51B2EE003242B8 /* Debug */ = {
			isa = XCBuildConfiguration;
			buildSettings = {
				ALWAYS_SEARCH_USER_PATHS = NO;
				ASSETCATALOG_COMPILER_GENERATE_SWIFT_ASSET_SYMBOL_EXTENSIONS = YES;
				CLANG_ANALYZER_NONNULL = YES;
				CLANG_ANALYZER_NUMBER_OBJECT_CONVERSION = YES_AGGRESSIVE;
				CLANG_CXX_LANGUAGE_STANDARD = "gnu++20";
				CLANG_ENABLE_MODULES = YES;
				CLANG_ENABLE_OBJC_ARC = YES;
				CLANG_ENABLE_OBJC_WEAK = YES;
				CLANG_WARN_BLOCK_CAPTURE_AUTORELEASING = YES;
				CLANG_WARN_BOOL_CONVERSION = YES;
				CLANG_WARN_COMMA = YES;
				CLANG_WARN_CONSTANT_CONVERSION = YES;
				CLANG_WARN_DEPRECATED_OBJC_IMPLEMENTATIONS = YES;
				CLANG_WARN_DIRECT_OBJC_ISA_USAGE = YES_ERROR;
				CLANG_WARN_DOCUMENTATION_COMMENTS = YES;
				CLANG_WARN_EMPTY_BODY = YES;
				CLANG_WARN_ENUM_CONVERSION = YES;
				CLANG_WARN_INFINITE_RECURSION = YES;
				CLANG_WARN_INT_CONVERSION = YES;
				CLANG_WARN_NON_LITERAL_NULL_CONVERSION = YES;
				CLANG_WARN_OBJC_IMPLICIT_RETAIN_SELF = YES;
				CLANG_WARN_OBJC_LITERAL_CONVERSION = YES;
				CLANG_WARN_OBJC_ROOT_CLASS = YES_ERROR;
				CLANG_WARN_QUOTED_INCLUDE_IN_FRAMEWORK_HEADER = YES;
				CLANG_WARN_RANGE_LOOP_ANALYSIS = YES;
				CLANG_WARN_STRICT_PROTOTYPES = YES;
				CLANG_WARN_SUSPICIOUS_MOVE = YES;
				CLANG_WARN_UNGUARDED_AVAILABILITY = YES_AGGRESSIVE;
				CLANG_WARN_UNREACHABLE_CODE = YES;
				CLANG_WARN__DUPLICATE_METHOD_MATCH = YES;
				COPY_PHASE_STRIP = NO;
				DEBUG_INFORMATION_FORMAT = dwarf;
				ENABLE_STRICT_OBJC_MSGSEND = YES;
				ENABLE_TESTABILITY = YES;
				ENABLE_USER_SCRIPT_SANDBOXING = YES;
				GCC_C_LANGUAGE_STANDARD = gnu17;
				GCC_DYNAMIC_NO_PIC = NO;
				GCC_NO_COMMON_BLOCKS = YES;
				GCC_OPTIMIZATION_LEVEL = 0;
				GCC_PREPROCESSOR_DEFINITIONS = (
					"DEBUG=1",
					"$(inherited)",
				);
				GCC_WARN_64_TO_32_BIT_CONVERSION = YES;
				GCC_WARN_ABOUT_RETURN_TYPE = YES_ERROR;
				GCC_WARN_UNDECLARED_SELECTOR = YES;
				GCC_WARN_UNINITIALIZED_AUTOS = YES_AGGRESSIVE;
				GCC_WARN_UNUSED_FUNCTION = YES;
				GCC_WARN_UNUSED_VARIABLE = YES;
				LOCALIZATION_PREFERS_STRING_CATALOGS = YES;
				MTL_ENABLE_DEBUG_INFO = INCLUDE_SOURCE;
				MTL_FAST_MATH = YES;
				ONLY_ACTIVE_ARCH = YES;
				SWIFT_ACTIVE_COMPILATION_CONDITIONS = "DEBUG $(inherited)";
				SWIFT_OPTIMIZATION_LEVEL = "-Onone";
			};
			name = Debug;
		};
		98BA4CB32D51B2EE003242B8 /* Release */ = {
			isa = XCBuildConfiguration;
			buildSettings = {
				ALWAYS_SEARCH_USER_PATHS = NO;
				ASSETCATALOG_COMPILER_GENERATE_SWIFT_ASSET_SYMBOL_EXTENSIONS = YES;
				CLANG_ANALYZER_NONNULL = YES;
				CLANG_ANALYZER_NUMBER_OBJECT_CONVERSION = YES_AGGRESSIVE;
				CLANG_CXX_LANGUAGE_STANDARD = "gnu++20";
				CLANG_ENABLE_MODULES = YES;
				CLANG_ENABLE_OBJC_ARC = YES;
				CLANG_ENABLE_OBJC_WEAK = YES;
				CLANG_WARN_BLOCK_CAPTURE_AUTORELEASING = YES;
				CLANG_WARN_BOOL_CONVERSION = YES;
				CLANG_WARN_COMMA = YES;
				CLANG_WARN_CONSTANT_CONVERSION = YES;
				CLANG_WARN_DEPRECATED_OBJC_IMPLEMENTATIONS = YES;
				CLANG_WARN_DIRECT_OBJC_ISA_USAGE = YES_ERROR;
				CLANG_WARN_DOCUMENTATION_COMMENTS = YES;
				CLANG_WARN_EMPTY_BODY = YES;
				CLANG_WARN_ENUM_CONVERSION = YES;
				CLANG_WARN_INFINITE_RECURSION = YES;
				CLANG_WARN_INT_CONVERSION = YES;
				CLANG_WARN_NON_LITERAL_NULL_CONVERSION = YES;
				CLANG_WARN_OBJC_IMPLICIT_RETAIN_SELF = YES;
				CLANG_WARN_OBJC_LITERAL_CONVERSION = YES;
				CLANG_WARN_OBJC_ROOT_CLASS = YES_ERROR;
				CLANG_WARN_QUOTED_INCLUDE_IN_FRAMEWORK_HEADER = YES;
				CLANG_WARN_RANGE_LOOP_ANALYSIS = YES;
				CLANG_WARN_STRICT_PROTOTYPES = YES;
				CLANG_WARN_SUSPICIOUS_MOVE = YES;
				CLANG_WARN_UNGUARDED_AVAILABILITY = YES_AGGRESSIVE;
				CLANG_WARN_UNREACHABLE_CODE = YES;
				CLANG_WARN__DUPLICATE_METHOD_MATCH = YES;
				COPY_PHASE_STRIP = NO;
				DEBUG_INFORMATION_FORMAT = "dwarf-with-dsym";
				ENABLE_NS_ASSERTIONS = NO;
				ENABLE_STRICT_OBJC_MSGSEND = YES;
				ENABLE_USER_SCRIPT_SANDBOXING = YES;
				GCC_C_LANGUAGE_STANDARD = gnu17;
				GCC_NO_COMMON_BLOCKS = YES;
				GCC_WARN_64_TO_32_BIT_CONVERSION = YES;
				GCC_WARN_ABOUT_RETURN_TYPE = YES_ERROR;
				GCC_WARN_UNDECLARED_SELECTOR = YES;
				GCC_WARN_UNINITIALIZED_AUTOS = YES_AGGRESSIVE;
				GCC_WARN_UNUSED_FUNCTION = YES;
				GCC_WARN_UNUSED_VARIABLE = YES;
				LOCALIZATION_PREFERS_STRING_CATALOGS = YES;
				MTL_ENABLE_DEBUG_INFO = NO;
				MTL_FAST_MATH = YES;
				SWIFT_COMPILATION_MODE = wholemodule;
			};
			name = Release;
		};
		98BA4CB52D51B2EE003242B8 /* Debug */ = {
			isa = XCBuildConfiguration;
			buildSettings = {
				ASSETCATALOG_COMPILER_APPICON_NAME = AppIcon;
				ASSETCATALOG_COMPILER_GLOBAL_ACCENT_COLOR_NAME = AccentColor;
				CODE_SIGN_ENTITLEMENTS = HomeAssignment_Audi/HomeAssignment_Audi.entitlements;
				CODE_SIGN_STYLE = Automatic;
				CURRENT_PROJECT_VERSION = 1;
				DEVELOPMENT_ASSET_PATHS = "\"HomeAssignment_Audi/Preview Content\"";
				ENABLE_PREVIEWS = YES;
				GENERATE_INFOPLIST_FILE = YES;
				"INFOPLIST_KEY_UIApplicationSceneManifest_Generation[sdk=iphoneos*]" = YES;
				"INFOPLIST_KEY_UIApplicationSceneManifest_Generation[sdk=iphonesimulator*]" = YES;
				"INFOPLIST_KEY_UIApplicationSupportsIndirectInputEvents[sdk=iphoneos*]" = YES;
				"INFOPLIST_KEY_UIApplicationSupportsIndirectInputEvents[sdk=iphonesimulator*]" = YES;
				"INFOPLIST_KEY_UILaunchScreen_Generation[sdk=iphoneos*]" = YES;
				"INFOPLIST_KEY_UILaunchScreen_Generation[sdk=iphonesimulator*]" = YES;
				"INFOPLIST_KEY_UIStatusBarStyle[sdk=iphoneos*]" = UIStatusBarStyleDefault;
				"INFOPLIST_KEY_UIStatusBarStyle[sdk=iphonesimulator*]" = UIStatusBarStyleDefault;
				INFOPLIST_KEY_UISupportedInterfaceOrientations_iPad = "UIInterfaceOrientationPortrait UIInterfaceOrientationPortraitUpsideDown UIInterfaceOrientationLandscapeLeft UIInterfaceOrientationLandscapeRight";
				INFOPLIST_KEY_UISupportedInterfaceOrientations_iPhone = "UIInterfaceOrientationPortrait UIInterfaceOrientationLandscapeLeft UIInterfaceOrientationLandscapeRight";
				IPHONEOS_DEPLOYMENT_TARGET = 18.2;
				LD_RUNPATH_SEARCH_PATHS = "@executable_path/Frameworks";
				"LD_RUNPATH_SEARCH_PATHS[sdk=macosx*]" = "@executable_path/../Frameworks";
				MACOSX_DEPLOYMENT_TARGET = 15.2;
				MARKETING_VERSION = 1.0;
				PRODUCT_BUNDLE_IDENTIFIER = "Jose.HomeAssignment-Audi";
				PRODUCT_NAME = "$(TARGET_NAME)";
				SDKROOT = auto;
				SUPPORTED_PLATFORMS = "iphoneos iphonesimulator";
				SUPPORTS_MACCATALYST = NO;
				SWIFT_EMIT_LOC_STRINGS = YES;
				SWIFT_VERSION = 5.0;
				TARGETED_DEVICE_FAMILY = "1,2";
				XROS_DEPLOYMENT_TARGET = 2.2;
			};
			name = Debug;
		};
		98BA4CB62D51B2EE003242B8 /* Release */ = {
			isa = XCBuildConfiguration;
			buildSettings = {
				ASSETCATALOG_COMPILER_APPICON_NAME = AppIcon;
				ASSETCATALOG_COMPILER_GLOBAL_ACCENT_COLOR_NAME = AccentColor;
				CODE_SIGN_ENTITLEMENTS = HomeAssignment_Audi/HomeAssignment_Audi.entitlements;
				CODE_SIGN_STYLE = Automatic;
				CURRENT_PROJECT_VERSION = 1;
				DEVELOPMENT_ASSET_PATHS = "\"HomeAssignment_Audi/Preview Content\"";
				ENABLE_PREVIEWS = YES;
				GENERATE_INFOPLIST_FILE = YES;
				"INFOPLIST_KEY_UIApplicationSceneManifest_Generation[sdk=iphoneos*]" = YES;
				"INFOPLIST_KEY_UIApplicationSceneManifest_Generation[sdk=iphonesimulator*]" = YES;
				"INFOPLIST_KEY_UIApplicationSupportsIndirectInputEvents[sdk=iphoneos*]" = YES;
				"INFOPLIST_KEY_UIApplicationSupportsIndirectInputEvents[sdk=iphonesimulator*]" = YES;
				"INFOPLIST_KEY_UILaunchScreen_Generation[sdk=iphoneos*]" = YES;
				"INFOPLIST_KEY_UILaunchScreen_Generation[sdk=iphonesimulator*]" = YES;
				"INFOPLIST_KEY_UIStatusBarStyle[sdk=iphoneos*]" = UIStatusBarStyleDefault;
				"INFOPLIST_KEY_UIStatusBarStyle[sdk=iphonesimulator*]" = UIStatusBarStyleDefault;
				INFOPLIST_KEY_UISupportedInterfaceOrientations_iPad = "UIInterfaceOrientationPortrait UIInterfaceOrientationPortraitUpsideDown UIInterfaceOrientationLandscapeLeft UIInterfaceOrientationLandscapeRight";
				INFOPLIST_KEY_UISupportedInterfaceOrientations_iPhone = "UIInterfaceOrientationPortrait UIInterfaceOrientationLandscapeLeft UIInterfaceOrientationLandscapeRight";
				IPHONEOS_DEPLOYMENT_TARGET = 18.2;
				LD_RUNPATH_SEARCH_PATHS = "@executable_path/Frameworks";
				"LD_RUNPATH_SEARCH_PATHS[sdk=macosx*]" = "@executable_path/../Frameworks";
				MACOSX_DEPLOYMENT_TARGET = 15.2;
				MARKETING_VERSION = 1.0;
				PRODUCT_BUNDLE_IDENTIFIER = "Jose.HomeAssignment-Audi";
				PRODUCT_NAME = "$(TARGET_NAME)";
				SDKROOT = auto;
				SUPPORTED_PLATFORMS = "iphoneos iphonesimulator";
				SUPPORTS_MACCATALYST = NO;
				SWIFT_EMIT_LOC_STRINGS = YES;
				SWIFT_VERSION = 5.0;
				TARGETED_DEVICE_FAMILY = "1,2";
				XROS_DEPLOYMENT_TARGET = 2.2;
			};
			name = Release;
		};
		98BA4CB82D51B2EE003242B8 /* Debug */ = {
			isa = XCBuildConfiguration;
			buildSettings = {
				BUNDLE_LOADER = "$(TEST_HOST)";
				CODE_SIGN_STYLE = Automatic;
				CURRENT_PROJECT_VERSION = 1;
				GENERATE_INFOPLIST_FILE = YES;
				IPHONEOS_DEPLOYMENT_TARGET = 18.2;
				MACOSX_DEPLOYMENT_TARGET = 15.2;
				MARKETING_VERSION = 1.0;
				PRODUCT_BUNDLE_IDENTIFIER = "Jose.HomeAssignment-AudiTests";
				PRODUCT_NAME = "$(TARGET_NAME)";
				SDKROOT = auto;
				SUPPORTED_PLATFORMS = "iphoneos iphonesimulator macosx xros xrsimulator";
				SWIFT_EMIT_LOC_STRINGS = NO;
				SWIFT_VERSION = 5.0;
				TARGETED_DEVICE_FAMILY = "1,2,7";
				TEST_HOST = "$(BUILT_PRODUCTS_DIR)/HomeAssignment_Audi.app/$(BUNDLE_EXECUTABLE_FOLDER_PATH)/HomeAssignment_Audi";
				XROS_DEPLOYMENT_TARGET = 2.2;
			};
			name = Debug;
		};
		98BA4CB92D51B2EE003242B8 /* Release */ = {
			isa = XCBuildConfiguration;
			buildSettings = {
				BUNDLE_LOADER = "$(TEST_HOST)";
				CODE_SIGN_STYLE = Automatic;
				CURRENT_PROJECT_VERSION = 1;
				GENERATE_INFOPLIST_FILE = YES;
				IPHONEOS_DEPLOYMENT_TARGET = 18.2;
				MACOSX_DEPLOYMENT_TARGET = 15.2;
				MARKETING_VERSION = 1.0;
				PRODUCT_BUNDLE_IDENTIFIER = "Jose.HomeAssignment-AudiTests";
				PRODUCT_NAME = "$(TARGET_NAME)";
				SDKROOT = auto;
				SUPPORTED_PLATFORMS = "iphoneos iphonesimulator macosx xros xrsimulator";
				SWIFT_EMIT_LOC_STRINGS = NO;
				SWIFT_VERSION = 5.0;
				TARGETED_DEVICE_FAMILY = "1,2,7";
				TEST_HOST = "$(BUILT_PRODUCTS_DIR)/HomeAssignment_Audi.app/$(BUNDLE_EXECUTABLE_FOLDER_PATH)/HomeAssignment_Audi";
				XROS_DEPLOYMENT_TARGET = 2.2;
			};
			name = Release;
		};
		98BA4CBB2D51B2EE003242B8 /* Debug */ = {
			isa = XCBuildConfiguration;
			buildSettings = {
				CODE_SIGN_STYLE = Automatic;
				CURRENT_PROJECT_VERSION = 1;
				GENERATE_INFOPLIST_FILE = YES;
				IPHONEOS_DEPLOYMENT_TARGET = 18.2;
				MACOSX_DEPLOYMENT_TARGET = 15.2;
				MARKETING_VERSION = 1.0;
				PRODUCT_BUNDLE_IDENTIFIER = "Jose.HomeAssignment-AudiUITests";
				PRODUCT_NAME = "$(TARGET_NAME)";
				SDKROOT = auto;
				SUPPORTED_PLATFORMS = "iphoneos iphonesimulator macosx xros xrsimulator";
				SWIFT_EMIT_LOC_STRINGS = NO;
				SWIFT_VERSION = 5.0;
				TARGETED_DEVICE_FAMILY = "1,2,7";
				TEST_TARGET_NAME = HomeAssignment_Audi;
				XROS_DEPLOYMENT_TARGET = 2.2;
			};
			name = Debug;
		};
		98BA4CBC2D51B2EE003242B8 /* Release */ = {
			isa = XCBuildConfiguration;
			buildSettings = {
				CODE_SIGN_STYLE = Automatic;
				CURRENT_PROJECT_VERSION = 1;
				GENERATE_INFOPLIST_FILE = YES;
				IPHONEOS_DEPLOYMENT_TARGET = 18.2;
				MACOSX_DEPLOYMENT_TARGET = 15.2;
				MARKETING_VERSION = 1.0;
				PRODUCT_BUNDLE_IDENTIFIER = "Jose.HomeAssignment-AudiUITests";
				PRODUCT_NAME = "$(TARGET_NAME)";
				SDKROOT = auto;
				SUPPORTED_PLATFORMS = "iphoneos iphonesimulator macosx xros xrsimulator";
				SWIFT_EMIT_LOC_STRINGS = NO;
				SWIFT_VERSION = 5.0;
				TARGETED_DEVICE_FAMILY = "1,2,7";
				TEST_TARGET_NAME = HomeAssignment_Audi;
				XROS_DEPLOYMENT_TARGET = 2.2;
			};
			name = Release;
		};
/* End XCBuildConfiguration section */

/* Begin XCConfigurationList section */
		98BA4C8A2D51B2ED003242B8 /* Build configuration list for PBXProject "HomeAssignment_Audi" */ = {
			isa = XCConfigurationList;
			buildConfigurations = (
				98BA4CB22D51B2EE003242B8 /* Debug */,
				98BA4CB32D51B2EE003242B8 /* Release */,
			);
			defaultConfigurationIsVisible = 0;
			defaultConfigurationName = Release;
		};
		98BA4CB42D51B2EE003242B8 /* Build configuration list for PBXNativeTarget "HomeAssignment_Audi" */ = {
			isa = XCConfigurationList;
			buildConfigurations = (
				98BA4CB52D51B2EE003242B8 /* Debug */,
				98BA4CB62D51B2EE003242B8 /* Release */,
			);
			defaultConfigurationIsVisible = 0;
			defaultConfigurationName = Release;
		};
		98BA4CB72D51B2EE003242B8 /* Build configuration list for PBXNativeTarget "HomeAssignment_AudiTests" */ = {
			isa = XCConfigurationList;
			buildConfigurations = (
				98BA4CB82D51B2EE003242B8 /* Debug */,
				98BA4CB92D51B2EE003242B8 /* Release */,
			);
			defaultConfigurationIsVisible = 0;
			defaultConfigurationName = Release;
		};
		98BA4CBA2D51B2EE003242B8 /* Build configuration list for PBXNativeTarget "HomeAssignment_AudiUITests" */ = {
			isa = XCConfigurationList;
			buildConfigurations = (
				98BA4CBB2D51B2EE003242B8 /* Debug */,
				98BA4CBC2D51B2EE003242B8 /* Release */,
			);
			defaultConfigurationIsVisible = 0;
			defaultConfigurationName = Release;
		};
/* End XCConfigurationList section */

/* Begin XCRemoteSwiftPackageReference section */
		98BA4CC32D5237A2003242B8 /* XCRemoteSwiftPackageReference "Alamofire" */ = {
			isa = XCRemoteSwiftPackageReference;
			repositoryURL = "https://github.com/Alamofire/Alamofire.git";
			requirement = {
				kind = upToNextMajorVersion;
				minimumVersion = 5.10.2;
			};
		};
		98BA4CC62D5237BB003242B8 /* XCRemoteSwiftPackageReference "Kingfisher" */ = {
			isa = XCRemoteSwiftPackageReference;
			repositoryURL = "https://github.com/onevcat/Kingfisher.git";
			requirement = {
				kind = upToNextMajorVersion;
				minimumVersion = 8.1.4;
			};
		};
/* End XCRemoteSwiftPackageReference section */

/* Begin XCSwiftPackageProductDependency section */
		98BA4CC42D5237A2003242B8 /* Alamofire */ = {
			isa = XCSwiftPackageProductDependency;
			package = 98BA4CC32D5237A2003242B8 /* XCRemoteSwiftPackageReference "Alamofire" */;
			productName = Alamofire;
		};
		98BA4CC72D5237BB003242B8 /* Kingfisher */ = {
			isa = XCSwiftPackageProductDependency;
			package = 98BA4CC62D5237BB003242B8 /* XCRemoteSwiftPackageReference "Kingfisher" */;
			productName = Kingfisher;
		};
/* End XCSwiftPackageProductDependency section */
	};
	rootObject = 98BA4C872D51B2ED003242B8 /* Project object */;
}
